{
  "name": "ifcjs_npm_learn_env",
  "version": "0.0.1",
  "lockfileVersion": 3,
  "requires": true,
  "packages": {
    "": {
      "name": "ifcjs_npm_learn_env",
      "version": "0.0.1",
      "license": "MIT",
      "dependencies": {
        "ifcjs": "^1.1.7",
        "three": "^0.154.0"
      }
    },
    "node_modules/ifcjs": {
      "version": "1.1.7",
      "resolved": "https://registry.npmjs.org/ifcjs/-/ifcjs-1.1.7.tgz",
      "integrity": "sha512-XkZ8xiUartv7ugmIEVU2+IjoJKNEnWPG+EFXZ3PNF48jZdt7rHul+R+21N5TZUKc9TRLlrVrJApihq7DzY5v6Q==",
      "dependencies": {
        "is-ip": "^3.1.0"
      }
    },
    "node_modules/ip-regex": {
      "version": "4.3.0",
      "resolved": "https://registry.npmjs.org/ip-regex/-/ip-regex-4.3.0.tgz",
      "integrity": "sha512-B9ZWJxHHOHUhUjCPrMpLD4xEq35bUTClHM1S6CBU5ixQnkZmwipwgc96vAd7AAGM9TGHvJR+Uss+/Ak6UphK+Q==",
      "engines": {
        "node": ">=8"
      }
    },
    "node_modules/is-ip": {
      "version": "3.1.0",
      "resolved": "https://registry.npmjs.org/is-ip/-/is-ip-3.1.0.tgz",
      "integrity": "sha512-35vd5necO7IitFPjd/YBeqwWnyDWbuLH9ZXQdMfDA8TEo7pv5X8yfrvVO3xbJbLUlERCMvf6X0hTUamQxCYJ9Q==",
      "dependencies": {
        "ip-regex": "^4.0.0"
      },
      "engines": {
        "node": ">=8"
      }
    },
    "node_modules/three": {
      "version": "0.154.0",
      "resolved": "https://registry.npmjs.org/three/-/three-0.154.0.tgz",
      "integrity": "sha512-Uzz8C/5GesJzv8i+Y2prEMYUwodwZySPcNhuJUdsVMH2Yn4Nm8qlbQe6qRN5fOhg55XB0WiLfTPBxVHxpE60ug=="
    }
  }
}
